
Microsoft Visual Studio Solution File, Format Version 12.00
# Visual Studio Version 16
VisualStudioVersion = 16.0.30804.86
MinimumVisualStudioVersion = 10.0.40219.1
Project("{FAE04EC0-301F-11D3-BF4B-00C04F79EFBC}") = "SeeBuff", "SeeBuff\SeeBuff.csproj", "{BD246F13-392A-44DC-95EA-3B3FB89FE0D5}"
	ProjectSection(ProjectDependencies) = postProject
		{30DBA815-2DB9-4232-9EA1-6FDF74A5A2C7} = {30DBA815-2DB9-4232-9EA1-6FDF74A5A2C7}
	EndProjectSection
EndProject
Project("{9A19103F-16F7-4668-BE54-9A1E7A4F7556}") = "FFXIVClientStructs", "SeeBuff\lib\FFXIVClientStructs\FFXIVClientStructs.csproj", "{30DBA815-2DB9-4232-9EA1-6FDF74A5A2C7}"
EndProject
Global
	GlobalSection(SolutionConfigurationPlatforms) = preSolution
		Debug|Any CPU = Debug|Any CPU
		Release|Any CPU = Release|Any CPU
	EndGlobalSection
	GlobalSection(ProjectConfigurationPlatforms) = postSolution
		{BD246F13-392A-44DC-95EA-3B3FB89FE0D5}.Debug|Any CPU.ActiveCfg = Debug|Any CPU
		{BD246F13-392A-44DC-95EA-3B3FB89FE0D5}.Debug|Any CPU.Build.0 = Debug|Any CPU
		{BD246F13-392A-44DC-95EA-3B3FB89FE0D5}.Release|Any CPU.ActiveCfg = Release|Any CPU
		{BD246F13-392A-44DC-95EA-3B3FB89FE0D5}.Release|Any CPU.Build.0 = Release|Any CPU
		{30DBA815-2DB9-4232-9EA1-6FDF74A5A2C7}.Debug|Any CPU.ActiveCfg = Debug|Any CPU
		{30DBA815-2DB9-4232-9EA1-6FDF74A5A2C7}.Debug|Any CPU.Build.0 = Debug|Any CPU
		{30DBA815-2DB9-4232-9EA1-6FDF74A5A2C7}.Release|Any CPU.ActiveCfg = Release|Any CPU
		{30DBA815-2DB9-4232-9EA1-6FDF74A5A2C7}.Release|Any CPU.Build.0 = Release|Any CPU
	EndGlobalSection
	GlobalSection(SolutionProperties) = preSolution
		HideSolutionNode = FALSE
	EndGlobalSection
	GlobalSection(ExtensibilityGlobals) = postSolution
		SolutionGuid = {5A17ABC9-8F45-44F8-9A25-19BBADD5A3D7}
	EndGlobalSection
EndGlobal
